PODS:
  - Alamofire (5.8.1)
  - BSImagePicker (3.3.1)
  - CropViewController (2.6.1)
  - IQKeyboardManagerSwift (6.5.16)
  - KDCircularProgress (1.5.4)
  - Kingfisher (7.10.0)
  - KRActivityIndicatorView (3.0.7)
  - KRProgressHUD (3.4.7):
    - KRActivityIndicatorView (= 3.0.7)
  - MarqueeLabel (4.3.2)
  - NotificationBannerSwift (3.2.1):
    - MarqueeLabel (~> 4.3.0)
    - SnapKit (~> 5.6.0)
  - R.swift (5.1.0):
    - R.swift.Library (~> 5.1.0)
  - R.swift.Library (5.1.0)
  - SnapKit (5.6.0)
  - VideoSDKRTC (2.0.13)

DEPENDENCIES:
  - Alamofire
  - BSImagePicker (~> 3.1)
  - CropViewController
  - IQKeyboardManagerSwift
  - KDCircularProgress
  - Kingfisher (~> 7.0)
  - KRProgressHUD
  - NotificationBannerSwift
  - R.swift (~> 5.1.0)
  - VideoSDKRTC

SPEC REPOS:
  trunk:
    - Alamofire
    - BSImagePicker
    - CropViewController
    - IQKeyboardManagerSwift
    - KDCircularProgress
    - Kingfisher
    - KRActivityIndicatorView
    - KRProgressHUD
    - MarqueeLabel
    - NotificationBannerSwift
    - R.swift
    - R.swift.Library
    - SnapKit
    - VideoSDKRTC

SPEC CHECKSUMS:
  Alamofire: 3ca42e259043ee0dc5c0cdd76c4bc568b8e42af7
  BSImagePicker: 0fe04b574d4d6b81093785d2af6c26227efc8428
  CropViewController: 58fb440f30dac788b129d2a1f24cffdcb102669c
  IQKeyboardManagerSwift: 12d89768845bb77b55cc092ecc2b1f9370f06b76
  KDCircularProgress: 98200c6b8e85d22bc04eb644721d3b1e12b0686b
  Kingfisher: a18f05d3b6d37d8650ee4a3e61d57a28fc6207f6
  KRActivityIndicatorView: ad69e89c4ce40c986cf580595be4829dcad0e35a
  KRProgressHUD: a248f0bc6c9c2aed40a37b76e03ffecc7f85c887
  MarqueeLabel: 15e524a6762552bb279cb17438b8a94990269fb9
  NotificationBannerSwift: dce54ded532b26e30cd8e7f4d80e124a0f2ba7d1
  R.swift: 8cbc4fc69b740305b6a17c8a8ed968eb788962d9
  R.swift.Library: fa85ce1e0d0b7e818cd9e080df910ba54d2776cc
  SnapKit: e01d52ebb8ddbc333eefe2132acf85c8227d9c25
  VideoSDKRTC: 9565f86deed20b49866bf4563a69e9ad871921e4

PODFILE CHECKSUM: c215d2fa68518369f1b4d5ff0312ecaa3da3453f

COCOAPODS: 1.14.2
